
Microsoft Visual Studio Solution File, Format Version 12.00
# Visual Studio 15
VisualStudioVersion = 15.0.26730.16
MinimumVisualStudioVersion = 10.0.40219.1
Project("{FAE04EC0-301F-11D3-BF4B-00C04F79EFBC}") = "WinFormsApp", "WinFormsApp\WinFormsApp.csproj", "{D3B02E90-1CCC-4119-8D84-625A77C1AC01}"
EndProject
Project("{9A19103F-16F7-4668-BE54-9A1E7A4F7556}") = "NetStandartLibrary", "..\NetStandartLibrary\NetStandartLibrary\NetStandartLibrary.csproj", "{5EF53A9F-8B69-48F4-BD97-F3DBF554E054}"
EndProject
Global
	GlobalSection(SolutionConfigurationPlatforms) = preSolution
		Debug|Any CPU = Debug|Any CPU
		Release|Any CPU = Release|Any CPU
	EndGlobalSection
	GlobalSection(ProjectConfigurationPlatforms) = postSolution
		{D3B02E90-1CCC-4119-8D84-625A77C1AC01}.Debug|Any CPU.ActiveCfg = Debug|Any CPU
		{D3B02E90-1CCC-4119-8D84-625A77C1AC01}.Debug|Any CPU.Build.0 = Debug|Any CPU
		{D3B02E90-1CCC-4119-8D84-625A77C1AC01}.Release|Any CPU.ActiveCfg = Release|Any CPU
		{D3B02E90-1CCC-4119-8D84-625A77C1AC01}.Release|Any CPU.Build.0 = Release|Any CPU
		{5EF53A9F-8B69-48F4-BD97-F3DBF554E054}.Debug|Any CPU.ActiveCfg = Debug|Any CPU
		{5EF53A9F-8B69-48F4-BD97-F3DBF554E054}.Debug|Any CPU.Build.0 = Debug|Any CPU
		{5EF53A9F-8B69-48F4-BD97-F3DBF554E054}.Release|Any CPU.ActiveCfg = Release|Any CPU
		{5EF53A9F-8B69-48F4-BD97-F3DBF554E054}.Release|Any CPU.Build.0 = Release|Any CPU
	EndGlobalSection
	GlobalSection(SolutionProperties) = preSolution
		HideSolutionNode = FALSE
	EndGlobalSection
	GlobalSection(ExtensibilityGlobals) = postSolution
		SolutionGuid = {8D8D50A4-E215-43B4-9455-8AF5E69E976E}
	EndGlobalSection
EndGlobal
